
Microsoft Visual Studio Solution File, Format Version 12.00
# Visual Studio Version 17
VisualStudioVersion = 17.3.32804.467
MinimumVisualStudioVersion = 10.0.40219.1
Project("{FAE04EC0-301F-11D3-BF4B-00C04F79EFBC}") = "MigrateData", "MigrateData.csproj", "{D1534BEE-E652-4626-B958-6D62FDED97B9}"
EndProject
Project("{2150E333-8FDC-42A3-9474-1A3956D46DE8}") = "Solution Items", "Solution Items", "{E267DD94-F612-408C-B1DE-1929B0ED42A1}"
	ProjectSection(SolutionItems) = preProject
		.editorconfig = .editorconfig
	EndProjectSection
EndProject
Global
	GlobalSection(SolutionConfigurationPlatforms) = preSolution
		Debug|Any CPU = Debug|Any CPU
		Release|Any CPU = Release|Any CPU
	EndGlobalSection
	GlobalSection(ProjectConfigurationPlatforms) = postSolution
		{D1534BEE-E652-4626-B958-6D62FDED97B9}.Debug|Any CPU.ActiveCfg = Debug|Any CPU
		{D1534BEE-E652-4626-B958-6D62FDED97B9}.Debug|Any CPU.Build.0 = Debug|Any CPU
		{D1534BEE-E652-4626-B958-6D62FDED97B9}.Release|Any CPU.ActiveCfg = Release|Any CPU
		{D1534BEE-E652-4626-B958-6D62FDED97B9}.Release|Any CPU.Build.0 = Release|Any CPU
	EndGlobalSection
	GlobalSection(SolutionProperties) = preSolution
		HideSolutionNode = FALSE
	EndGlobalSection
	GlobalSection(ExtensibilityGlobals) = postSolution
		SolutionGuid = {7321074E-897F-4D8A-8FEA-782A2163D401}
	EndGlobalSection
EndGlobal
